// !$*UTF8*$!
{
	archiveVersion = 1;
	classes = {
	};
	objectVersion = 77;
	objects = {

/* Begin PBXBuildFile section */
		F304CFD72E7C4E67009DA2E3 /* GetScheduleProtocol.swift in Sources */ = {isa = PBXBuildFile; fileRef = F304CFD62E7C4E67009DA2E3 /* GetScheduleProtocol.swift */; };
		F304CFD92E7C4E83009DA2E3 /* CalendarExporterProtocol.swift in Sources */ = {isa = PBXBuildFile; fileRef = F304CFD82E7C4E83009DA2E3 /* CalendarExporterProtocol.swift */; };
		F304CFDB2E7C4E9C009DA2E3 /* GetScheduleFormWebService.swift in Sources */ = {isa = PBXBuildFile; fileRef = F304CFDA2E7C4E9C009DA2E3 /* GetScheduleFormWebService.swift */; };
		F304CFDD2E7C4EBB009DA2E3 /* EventKitExporter.swift in Sources */ = {isa = PBXBuildFile; fileRef = F304CFDC2E7C4EBB009DA2E3 /* EventKitExporter.swift */; };
		F304CFDF2E7C4ED6009DA2E3 /* AppState.swift in Sources */ = {isa = PBXBuildFile; fileRef = F304CFDE2E7C4ED6009DA2E3 /* AppState.swift */; };
		F304CFE12E7C4EF0009DA2E3 /* ScheduleViewModel.swift in Sources */ = {isa = PBXBuildFile; fileRef = F304CFE02E7C4EF0009DA2E3 /* ScheduleViewModel.swift */; };
		F304CFE52E7C4F30009DA2E3 /* ScheduleItem.swift in Sources */ = {isa = PBXBuildFile; fileRef = F304CFE42E7C4F30009DA2E3 /* ScheduleItem.swift */; };
		F304CFE72E7C50CC009DA2E3 /* CodableColor.swift in Sources */ = {isa = PBXBuildFile; fileRef = F304CFE62E7C50CC009DA2E3 /* CodableColor.swift */; };
		F304CFEB2E7C5354009DA2E3 /* ScheduleCategory.swift in Sources */ = {isa = PBXBuildFile; fileRef = F304CFEA2E7C5354009DA2E3 /* ScheduleCategory.swift */; };
		F304CFF32E7C5670009DA2E3 /* Date+Helpers.swift in Sources */ = {isa = PBXBuildFile; fileRef = F304CFF22E7C5670009DA2E3 /* Date+Helpers.swift */; };
		F329ADEB2E7D541000E4DD05 /* ScheduleV2LogSystem.swift in Sources */ = {isa = PBXBuildFile; fileRef = F329ADEA2E7D541000E4DD05 /* ScheduleV2LogSystem.swift */; };
		F34B50712E7C638800A04424 /* CalendarViewMode.swift in Sources */ = {isa = PBXBuildFile; fileRef = F34B50702E7C638800A04424 /* CalendarViewMode.swift */; };
		F34B50732E7C64A300A04424 /* SidebarSelection.swift in Sources */ = {isa = PBXBuildFile; fileRef = F34B50722E7C64A300A04424 /* SidebarSelection.swift */; };
		F34B50752E7C672A00A04424 /* DataSourceSettingsViewModel.swift in Sources */ = {isa = PBXBuildFile; fileRef = F34B50742E7C672A00A04424 /* DataSourceSettingsViewModel.swift */; };
		F34B50772E7C680500A04424 /* CourseInformation.swift in Sources */ = {isa = PBXBuildFile; fileRef = F34B50762E7C680500A04424 /* CourseInformation.swift */; };
/* End PBXBuildFile section */

/* Begin PBXContainerItemProxy section */
		F3BBBB012E7BFDB8002501DE /* PBXContainerItemProxy */ = {
			isa = PBXContainerItemProxy;
			containerPortal = F3BBBAE72E7BFDB7002501DE /* Project object */;
			proxyType = 1;
			remoteGlobalIDString = F3BBBAEE2E7BFDB7002501DE;
			remoteInfo = ScheduleV2;
		};
		F3BBBB0B2E7BFDB8002501DE /* PBXContainerItemProxy */ = {
			isa = PBXContainerItemProxy;
			containerPortal = F3BBBAE72E7BFDB7002501DE /* Project object */;
			proxyType = 1;
			remoteGlobalIDString = F3BBBAEE2E7BFDB7002501DE;
			remoteInfo = ScheduleV2;
		};
/* End PBXContainerItemProxy section */

/* Begin PBXFileReference section */
		F304CFD62E7C4E67009DA2E3 /* GetScheduleProtocol.swift */ = {isa = PBXFileReference; lastKnownFileType = sourcecode.swift; path = GetScheduleProtocol.swift; sourceTree = "<group>"; };
		F304CFD82E7C4E83009DA2E3 /* CalendarExporterProtocol.swift */ = {isa = PBXFileReference; lastKnownFileType = sourcecode.swift; path = CalendarExporterProtocol.swift; sourceTree = "<group>"; };
		F304CFDA2E7C4E9C009DA2E3 /* GetScheduleFormWebService.swift */ = {isa = PBXFileReference; lastKnownFileType = sourcecode.swift; path = GetScheduleFormWebService.swift; sourceTree = "<group>"; };
		F304CFDC2E7C4EBB009DA2E3 /* EventKitExporter.swift */ = {isa = PBXFileReference; lastKnownFileType = sourcecode.swift; path = EventKitExporter.swift; sourceTree = "<group>"; };
		F304CFDE2E7C4ED6009DA2E3 /* AppState.swift */ = {isa = PBXFileReference; lastKnownFileType = sourcecode.swift; path = AppState.swift; sourceTree = "<group>"; };
		F304CFE02E7C4EF0009DA2E3 /* ScheduleViewModel.swift */ = {isa = PBXFileReference; lastKnownFileType = sourcecode.swift; path = ScheduleViewModel.swift; sourceTree = "<group>"; };
		F304CFE42E7C4F30009DA2E3 /* ScheduleItem.swift */ = {isa = PBXFileReference; lastKnownFileType = sourcecode.swift; path = ScheduleItem.swift; sourceTree = "<group>"; };
		F304CFE62E7C50CC009DA2E3 /* CodableColor.swift */ = {isa = PBXFileReference; lastKnownFileType = sourcecode.swift; path = CodableColor.swift; sourceTree = "<group>"; };
		F304CFEA2E7C5354009DA2E3 /* ScheduleCategory.swift */ = {isa = PBXFileReference; lastKnownFileType = sourcecode.swift; path = ScheduleCategory.swift; sourceTree = "<group>"; };
		F304CFF22E7C5670009DA2E3 /* Date+Helpers.swift */ = {isa = PBXFileReference; lastKnownFileType = sourcecode.swift; path = "Date+Helpers.swift"; sourceTree = "<group>"; };
		F329ADEA2E7D541000E4DD05 /* ScheduleV2LogSystem.swift */ = {isa = PBXFileReference; lastKnownFileType = sourcecode.swift; path = ScheduleV2LogSystem.swift; sourceTree = "<group>"; };
		F34B50702E7C638800A04424 /* CalendarViewMode.swift */ = {isa = PBXFileReference; lastKnownFileType = sourcecode.swift; path = CalendarViewMode.swift; sourceTree = "<group>"; };
		F34B50722E7C64A300A04424 /* SidebarSelection.swift */ = {isa = PBXFileReference; lastKnownFileType = sourcecode.swift; path = SidebarSelection.swift; sourceTree = "<group>"; };
		F34B50742E7C672A00A04424 /* DataSourceSettingsViewModel.swift */ = {isa = PBXFileReference; lastKnownFileType = sourcecode.swift; path = DataSourceSettingsViewModel.swift; sourceTree = "<group>"; };
		F34B50762E7C680500A04424 /* CourseInformation.swift */ = {isa = PBXFileReference; lastKnownFileType = sourcecode.swift; path = CourseInformation.swift; sourceTree = "<group>"; };
		F34B50782E7C6C6600A04424 /* Permissions.entitlements */ = {isa = PBXFileReference; lastKnownFileType = text.plist.entitlements; path = Permissions.entitlements; sourceTree = "<group>"; };
		F3BBBAEF2E7BFDB7002501DE /* ScheduleV2.app */ = {isa = PBXFileReference; explicitFileType = wrapper.application; includeInIndex = 0; path = ScheduleV2.app; sourceTree = BUILT_PRODUCTS_DIR; };
		F3BBBB002E7BFDB8002501DE /* ScheduleV2Tests.xctest */ = {isa = PBXFileReference; explicitFileType = wrapper.cfbundle; includeInIndex = 0; path = ScheduleV2Tests.xctest; sourceTree = BUILT_PRODUCTS_DIR; };
		F3BBBB0A2E7BFDB8002501DE /* ScheduleV2UITests.xctest */ = {isa = PBXFileReference; explicitFileType = wrapper.cfbundle; includeInIndex = 0; path = ScheduleV2UITests.xctest; sourceTree = BUILT_PRODUCTS_DIR; };
/* End PBXFileReference section */

/* Begin PBXFileSystemSynchronizedRootGroup section */
		F3BBBAF12E7BFDB7002501DE /* ScheduleV2 */ = {
			isa = PBXFileSystemSynchronizedRootGroup;
			path = ScheduleV2;
			sourceTree = "<group>";
		};
		F3BBBB032E7BFDB8002501DE /* ScheduleV2Tests */ = {
			isa = PBXFileSystemSynchronizedRootGroup;
			path = ScheduleV2Tests;
			sourceTree = "<group>";
		};
		F3BBBB0D2E7BFDB8002501DE /* ScheduleV2UITests */ = {
			isa = PBXFileSystemSynchronizedRootGroup;
			path = ScheduleV2UITests;
			sourceTree = "<group>";
		};
/* End PBXFileSystemSynchronizedRootGroup section */

/* Begin PBXFrameworksBuildPhase section */
		F3BBBAEC2E7BFDB7002501DE /* Frameworks */ = {
			isa = PBXFrameworksBuildPhase;
			buildActionMask = 2147483647;
			files = (
			);
			runOnlyForDeploymentPostprocessing = 0;
		};
		F3BBBAFD2E7BFDB8002501DE /* Frameworks */ = {
			isa = PBXFrameworksBuildPhase;
			buildActionMask = 2147483647;
			files = (
			);
			runOnlyForDeploymentPostprocessing = 0;
		};
		F3BBBB072E7BFDB8002501DE /* Frameworks */ = {
			isa = PBXFrameworksBuildPhase;
			buildActionMask = 2147483647;
			files = (
			);
			runOnlyForDeploymentPostprocessing = 0;
		};
/* End PBXFrameworksBuildPhase section */

/* Begin PBXGroup section */
		F304CFD52E7C4E54009DA2E3 /* Modual */ = {
			isa = PBXGroup;
			children = (
				F304CFD62E7C4E67009DA2E3 /* GetScheduleProtocol.swift */,
				F304CFD82E7C4E83009DA2E3 /* CalendarExporterProtocol.swift */,
				F304CFDA2E7C4E9C009DA2E3 /* GetScheduleFormWebService.swift */,
				F304CFDC2E7C4EBB009DA2E3 /* EventKitExporter.swift */,
				F304CFDE2E7C4ED6009DA2E3 /* AppState.swift */,
				F304CFE02E7C4EF0009DA2E3 /* ScheduleViewModel.swift */,
				F304CFE42E7C4F30009DA2E3 /* ScheduleItem.swift */,
				F304CFE62E7C50CC009DA2E3 /* CodableColor.swift */,
				F304CFEA2E7C5354009DA2E3 /* ScheduleCategory.swift */,
				F304CFF22E7C5670009DA2E3 /* Date+Helpers.swift */,
				F34B50702E7C638800A04424 /* CalendarViewMode.swift */,
				F34B50722E7C64A300A04424 /* SidebarSelection.swift */,
				F34B50742E7C672A00A04424 /* DataSourceSettingsViewModel.swift */,
				F34B50762E7C680500A04424 /* CourseInformation.swift */,
				F329ADEA2E7D541000E4DD05 /* ScheduleV2LogSystem.swift */,
			);
			path = Modual;
			sourceTree = "<group>";
		};
		F3BBBAE62E7BFDB7002501DE = {
			isa = PBXGroup;
			children = (
				F34B50782E7C6C6600A04424 /* Permissions.entitlements */,
				F304CFD52E7C4E54009DA2E3 /* Modual */,
				F3BBBAF12E7BFDB7002501DE /* ScheduleV2 */,
				F3BBBB032E7BFDB8002501DE /* ScheduleV2Tests */,
				F3BBBB0D2E7BFDB8002501DE /* ScheduleV2UITests */,
				F3BBBAF02E7BFDB7002501DE /* Products */,
			);
			sourceTree = "<group>";
		};
		F3BBBAF02E7BFDB7002501DE /* Products */ = {
			isa = PBXGroup;
			children = (
				F3BBBAEF2E7BFDB7002501DE /* ScheduleV2.app */,
				F3BBBB002E7BFDB8002501DE /* ScheduleV2Tests.xctest */,
				F3BBBB0A2E7BFDB8002501DE /* ScheduleV2UITests.xctest */,
			);
			name = Products;
			sourceTree = "<group>";
		};
/* End PBXGroup section */

/* Begin PBXNativeTarget section */
		F3BBBAEE2E7BFDB7002501DE /* ScheduleV2 */ = {
			isa = PBXNativeTarget;
			buildConfigurationList = F3BBBB142E7BFDB8002501DE /* Build configuration list for PBXNativeTarget "ScheduleV2" */;
			buildPhases = (
				F3BBBAEB2E7BFDB7002501DE /* Sources */,
				F3BBBAEC2E7BFDB7002501DE /* Frameworks */,
				F3BBBAED2E7BFDB7002501DE /* Resources */,
			);
			buildRules = (
			);
			dependencies = (
			);
			fileSystemSynchronizedGroups = (
				F3BBBAF12E7BFDB7002501DE /* ScheduleV2 */,
			);
			name = ScheduleV2;
			packageProductDependencies = (
			);
			productName = ScheduleV2;
			productReference = F3BBBAEF2E7BFDB7002501DE /* ScheduleV2.app */;
			productType = "com.apple.product-type.application";
		};
		F3BBBAFF2E7BFDB8002501DE /* ScheduleV2Tests */ = {
			isa = PBXNativeTarget;
			buildConfigurationList = F3BBBB172E7BFDB8002501DE /* Build configuration list for PBXNativeTarget "ScheduleV2Tests" */;
			buildPhases = (
				F3BBBAFC2E7BFDB8002501DE /* Sources */,
				F3BBBAFD2E7BFDB8002501DE /* Frameworks */,
				F3BBBAFE2E7BFDB8002501DE /* Resources */,
			);
			buildRules = (
			);
			dependencies = (
				F3BBBB022E7BFDB8002501DE /* PBXTargetDependency */,
			);
			fileSystemSynchronizedGroups = (
				F3BBBB032E7BFDB8002501DE /* ScheduleV2Tests */,
			);
			name = ScheduleV2Tests;
			packageProductDependencies = (
			);
			productName = ScheduleV2Tests;
			productReference = F3BBBB002E7BFDB8002501DE /* ScheduleV2Tests.xctest */;
			productType = "com.apple.product-type.bundle.unit-test";
		};
		F3BBBB092E7BFDB8002501DE /* ScheduleV2UITests */ = {
			isa = PBXNativeTarget;
			buildConfigurationList = F3BBBB1A2E7BFDB8002501DE /* Build configuration list for PBXNativeTarget "ScheduleV2UITests" */;
			buildPhases = (
				F3BBBB062E7BFDB8002501DE /* Sources */,
				F3BBBB072E7BFDB8002501DE /* Frameworks */,
				F3BBBB082E7BFDB8002501DE /* Resources */,
			);
			buildRules = (
			);
			dependencies = (
				F3BBBB0C2E7BFDB8002501DE /* PBXTargetDependency */,
			);
			fileSystemSynchronizedGroups = (
				F3BBBB0D2E7BFDB8002501DE /* ScheduleV2UITests */,
			);
			name = ScheduleV2UITests;
			packageProductDependencies = (
			);
			productName = ScheduleV2UITests;
			productReference = F3BBBB0A2E7BFDB8002501DE /* ScheduleV2UITests.xctest */;
			productType = "com.apple.product-type.bundle.ui-testing";
		};
/* End PBXNativeTarget section */

/* Begin PBXProject section */
		F3BBBAE72E7BFDB7002501DE /* Project object */ = {
			isa = PBXProject;
			attributes = {
				BuildIndependentTargetsInParallel = 1;
				LastSwiftUpdateCheck = 1620;
				LastUpgradeCheck = 1620;
				TargetAttributes = {
					F3BBBAEE2E7BFDB7002501DE = {
						CreatedOnToolsVersion = 16.2;
					};
					F3BBBAFF2E7BFDB8002501DE = {
						CreatedOnToolsVersion = 16.2;
						TestTargetID = F3BBBAEE2E7BFDB7002501DE;
					};
					F3BBBB092E7BFDB8002501DE = {
						CreatedOnToolsVersion = 16.2;
						TestTargetID = F3BBBAEE2E7BFDB7002501DE;
					};
				};
			};
			buildConfigurationList = F3BBBAEA2E7BFDB7002501DE /* Build configuration list for PBXProject "ScheduleV2" */;
			developmentRegion = en;
			hasScannedForEncodings = 0;
			knownRegions = (
				en,
				Base,
			);
			mainGroup = F3BBBAE62E7BFDB7002501DE;
			minimizedProjectReferenceProxies = 1;
			preferredProjectObjectVersion = 77;
			productRefGroup = F3BBBAF02E7BFDB7002501DE /* Products */;
			projectDirPath = "";
			projectRoot = "";
			targets = (
				F3BBBAEE2E7BFDB7002501DE /* ScheduleV2 */,
				F3BBBAFF2E7BFDB8002501DE /* ScheduleV2Tests */,
				F3BBBB092E7BFDB8002501DE /* ScheduleV2UITests */,
			);
		};
/* End PBXProject section */

/* Begin PBXResourcesBuildPhase section */
		F3BBBAED2E7BFDB7002501DE /* Resources */ = {
			isa = PBXResourcesBuildPhase;
			buildActionMask = 2147483647;
			files = (
			);
			runOnlyForDeploymentPostprocessing = 0;
		};
		F3BBBAFE2E7BFDB8002501DE /* Resources */ = {
			isa = PBXResourcesBuildPhase;
			buildActionMask = 2147483647;
			files = (
			);
			runOnlyForDeploymentPostprocessing = 0;
		};
		F3BBBB082E7BFDB8002501DE /* Resources */ = {
			isa = PBXResourcesBuildPhase;
			buildActionMask = 2147483647;
			files = (
			);
			runOnlyForDeploymentPostprocessing = 0;
		};
/* End PBXResourcesBuildPhase section */

/* Begin PBXSourcesBuildPhase section */
		F3BBBAEB2E7BFDB7002501DE /* Sources */ = {
			isa = PBXSourcesBuildPhase;
			buildActionMask = 2147483647;
			files = (
				F34B50772E7C680500A04424 /* CourseInformation.swift in Sources */,
				F304CFEB2E7C5354009DA2E3 /* ScheduleCategory.swift in Sources */,
				F304CFDB2E7C4E9C009DA2E3 /* GetScheduleFormWebService.swift in Sources */,
				F34B50712E7C638800A04424 /* CalendarViewMode.swift in Sources */,
				F34B50752E7C672A00A04424 /* DataSourceSettingsViewModel.swift in Sources */,
				F304CFDD2E7C4EBB009DA2E3 /* EventKitExporter.swift in Sources */,
				F304CFF32E7C5670009DA2E3 /* Date+Helpers.swift in Sources */,
				F34B50732E7C64A300A04424 /* SidebarSelection.swift in Sources */,
				F304CFDF2E7C4ED6009DA2E3 /* AppState.swift in Sources */,
				F304CFE52E7C4F30009DA2E3 /* ScheduleItem.swift in Sources */,
				F304CFE12E7C4EF0009DA2E3 /* ScheduleViewModel.swift in Sources */,
				F304CFD72E7C4E67009DA2E3 /* GetScheduleProtocol.swift in Sources */,
				F329ADEB2E7D541000E4DD05 /* ScheduleV2LogSystem.swift in Sources */,
				F304CFE72E7C50CC009DA2E3 /* CodableColor.swift in Sources */,
				F304CFD92E7C4E83009DA2E3 /* CalendarExporterProtocol.swift in Sources */,
			);
			runOnlyForDeploymentPostprocessing = 0;
		};
		F3BBBAFC2E7BFDB8002501DE /* Sources */ = {
			isa = PBXSourcesBuildPhase;
			buildActionMask = 2147483647;
			files = (
			);
			runOnlyForDeploymentPostprocessing = 0;
		};
		F3BBBB062E7BFDB8002501DE /* Sources */ = {
			isa = PBXSourcesBuildPhase;
			buildActionMask = 2147483647;
			files = (
			);
			runOnlyForDeploymentPostprocessing = 0;
		};
/* End PBXSourcesBuildPhase section */

/* Begin PBXTargetDependency section */
		F3BBBB022E7BFDB8002501DE /* PBXTargetDependency */ = {
			isa = PBXTargetDependency;
			target = F3BBBAEE2E7BFDB7002501DE /* ScheduleV2 */;
			targetProxy = F3BBBB012E7BFDB8002501DE /* PBXContainerItemProxy */;
		};
		F3BBBB0C2E7BFDB8002501DE /* PBXTargetDependency */ = {
			isa = PBXTargetDependency;
			target = F3BBBAEE2E7BFDB7002501DE /* ScheduleV2 */;
			targetProxy = F3BBBB0B2E7BFDB8002501DE /* PBXContainerItemProxy */;
		};
/* End PBXTargetDependency section */

/* Begin XCBuildConfiguration section */
		F3BBBB122E7BFDB8002501DE /* Debug */ = {
			isa = XCBuildConfiguration;
			buildSettings = {
				ALWAYS_SEARCH_USER_PATHS = NO;
				ASSETCATALOG_COMPILER_GENERATE_SWIFT_ASSET_SYMBOL_EXTENSIONS = YES;
				CLANG_ANALYZER_NONNULL = YES;
				CLANG_ANALYZER_NUMBER_OBJECT_CONVERSION = YES_AGGRESSIVE;
				CLANG_CXX_LANGUAGE_STANDARD = "gnu++20";
				CLANG_ENABLE_MODULES = YES;
				CLANG_ENABLE_OBJC_ARC = YES;
				CLANG_ENABLE_OBJC_WEAK = YES;
				CLANG_WARN_BLOCK_CAPTURE_AUTORELEASING = YES;
				CLANG_WARN_BOOL_CONVERSION = YES;
				CLANG_WARN_COMMA = YES;
				CLANG_WARN_CONSTANT_CONVERSION = YES;
				CLANG_WARN_DEPRECATED_OBJC_IMPLEMENTATIONS = YES;
				CLANG_WARN_DIRECT_OBJC_ISA_USAGE = YES_ERROR;
				CLANG_WARN_DOCUMENTATION_COMMENTS = YES;
				CLANG_WARN_EMPTY_BODY = YES;
				CLANG_WARN_ENUM_CONVERSION = YES;
				CLANG_WARN_INFINITE_RECURSION = YES;
				CLANG_WARN_INT_CONVERSION = YES;
				CLANG_WARN_NON_LITERAL_NULL_CONVERSION = YES;
				CLANG_WARN_OBJC_IMPLICIT_RETAIN_SELF = YES;
				CLANG_WARN_OBJC_LITERAL_CONVERSION = YES;
				CLANG_WARN_OBJC_ROOT_CLASS = YES_ERROR;
				CLANG_WARN_QUOTED_INCLUDE_IN_FRAMEWORK_HEADER = YES;
				CLANG_WARN_RANGE_LOOP_ANALYSIS = YES;
				CLANG_WARN_STRICT_PROTOTYPES = YES;
				CLANG_WARN_SUSPICIOUS_MOVE = YES;
				CLANG_WARN_UNGUARDED_AVAILABILITY = YES_AGGRESSIVE;
				CLANG_WARN_UNREACHABLE_CODE = YES;
				CLANG_WARN__DUPLICATE_METHOD_MATCH = YES;
				COPY_PHASE_STRIP = NO;
				DEBUG_INFORMATION_FORMAT = dwarf;
				ENABLE_STRICT_OBJC_MSGSEND = YES;
				ENABLE_TESTABILITY = YES;
				ENABLE_USER_SCRIPT_SANDBOXING = YES;
				GCC_C_LANGUAGE_STANDARD = gnu17;
				GCC_DYNAMIC_NO_PIC = NO;
				GCC_NO_COMMON_BLOCKS = YES;
				GCC_OPTIMIZATION_LEVEL = 0;
				GCC_PREPROCESSOR_DEFINITIONS = (
					"DEBUG=1",
					"$(inherited)",
				);
				GCC_WARN_64_TO_32_BIT_CONVERSION = YES;
				GCC_WARN_ABOUT_RETURN_TYPE = YES_ERROR;
				GCC_WARN_UNDECLARED_SELECTOR = YES;
				GCC_WARN_UNINITIALIZED_AUTOS = YES_AGGRESSIVE;
				GCC_WARN_UNUSED_FUNCTION = YES;
				GCC_WARN_UNUSED_VARIABLE = YES;
				LOCALIZATION_PREFERS_STRING_CATALOGS = YES;
				MACOSX_DEPLOYMENT_TARGET = 15.1;
				MTL_ENABLE_DEBUG_INFO = INCLUDE_SOURCE;
				MTL_FAST_MATH = YES;
				ONLY_ACTIVE_ARCH = YES;
				SDKROOT = macosx;
				SWIFT_ACTIVE_COMPILATION_CONDITIONS = "DEBUG $(inherited)";
				SWIFT_OPTIMIZATION_LEVEL = "-Onone";
			};
			name = Debug;
		};
		F3BBBB132E7BFDB8002501DE /* Release */ = {
			isa = XCBuildConfiguration;
			buildSettings = {
				ALWAYS_SEARCH_USER_PATHS = NO;
				ASSETCATALOG_COMPILER_GENERATE_SWIFT_ASSET_SYMBOL_EXTENSIONS = YES;
				CLANG_ANALYZER_NONNULL = YES;
				CLANG_ANALYZER_NUMBER_OBJECT_CONVERSION = YES_AGGRESSIVE;
				CLANG_CXX_LANGUAGE_STANDARD = "gnu++20";
				CLANG_ENABLE_MODULES = YES;
				CLANG_ENABLE_OBJC_ARC = YES;
				CLANG_ENABLE_OBJC_WEAK = YES;
				CLANG_WARN_BLOCK_CAPTURE_AUTORELEASING = YES;
				CLANG_WARN_BOOL_CONVERSION = YES;
				CLANG_WARN_COMMA = YES;
				CLANG_WARN_CONSTANT_CONVERSION = YES;
				CLANG_WARN_DEPRECATED_OBJC_IMPLEMENTATIONS = YES;
				CLANG_WARN_DIRECT_OBJC_ISA_USAGE = YES_ERROR;
				CLANG_WARN_DOCUMENTATION_COMMENTS = YES;
				CLANG_WARN_EMPTY_BODY = YES;
				CLANG_WARN_ENUM_CONVERSION = YES;
				CLANG_WARN_INFINITE_RECURSION = YES;
				CLANG_WARN_INT_CONVERSION = YES;
				CLANG_WARN_NON_LITERAL_NULL_CONVERSION = YES;
				CLANG_WARN_OBJC_IMPLICIT_RETAIN_SELF = YES;
				CLANG_WARN_OBJC_LITERAL_CONVERSION = YES;
				CLANG_WARN_OBJC_ROOT_CLASS = YES_ERROR;
				CLANG_WARN_QUOTED_INCLUDE_IN_FRAMEWORK_HEADER = YES;
				CLANG_WARN_RANGE_LOOP_ANALYSIS = YES;
				CLANG_WARN_STRICT_PROTOTYPES = YES;
				CLANG_WARN_SUSPICIOUS_MOVE = YES;
				CLANG_WARN_UNGUARDED_AVAILABILITY = YES_AGGRESSIVE;
				CLANG_WARN_UNREACHABLE_CODE = YES;
				CLANG_WARN__DUPLICATE_METHOD_MATCH = YES;
				COPY_PHASE_STRIP = NO;
				DEBUG_INFORMATION_FORMAT = "dwarf-with-dsym";
				ENABLE_NS_ASSERTIONS = NO;
				ENABLE_STRICT_OBJC_MSGSEND = YES;
				ENABLE_USER_SCRIPT_SANDBOXING = YES;
				GCC_C_LANGUAGE_STANDARD = gnu17;
				GCC_NO_COMMON_BLOCKS = YES;
				GCC_WARN_64_TO_32_BIT_CONVERSION = YES;
				GCC_WARN_ABOUT_RETURN_TYPE = YES_ERROR;
				GCC_WARN_UNDECLARED_SELECTOR = YES;
				GCC_WARN_UNINITIALIZED_AUTOS = YES_AGGRESSIVE;
				GCC_WARN_UNUSED_FUNCTION = YES;
				GCC_WARN_UNUSED_VARIABLE = YES;
				LOCALIZATION_PREFERS_STRING_CATALOGS = YES;
				MACOSX_DEPLOYMENT_TARGET = 15.1;
				MTL_ENABLE_DEBUG_INFO = NO;
				MTL_FAST_MATH = YES;
				SDKROOT = macosx;
				SWIFT_COMPILATION_MODE = wholemodule;
			};
			name = Release;
		};
		F3BBBB152E7BFDB8002501DE /* Debug */ = {
			isa = XCBuildConfiguration;
			buildSettings = {
				ASSETCATALOG_COMPILER_APPICON_NAME = AppIcon;
				ASSETCATALOG_COMPILER_GLOBAL_ACCENT_COLOR_NAME = AccentColor;
				CODE_SIGN_ENTITLEMENTS = ScheduleV2/ScheduleV2.entitlements;
				CODE_SIGN_STYLE = Automatic;
				COMBINE_HIDPI_IMAGES = YES;
				CURRENT_PROJECT_VERSION = 1;
				DEVELOPMENT_ASSET_PATHS = "\"ScheduleV2/Preview Content\"";
				DEVELOPMENT_TEAM = 8NQM3NZLB8;
				ENABLE_PREVIEWS = YES;
				GENERATE_INFOPLIST_FILE = YES;
				INFOPLIST_KEY_NSCalendarsUsageDescription = "此应用需要访问您的日历，以便将您的日程信息导入其中。";
				INFOPLIST_KEY_NSHumanReadableCopyright = "";
				LD_RUNPATH_SEARCH_PATHS = (
					"$(inherited)",
					"@executable_path/../Frameworks",
				);
				MARKETING_VERSION = 1.0;
				PRODUCT_BUNDLE_IDENTIFIER = com.Katrina.ScheduleV2;
				PRODUCT_NAME = "$(TARGET_NAME)";
				SWIFT_EMIT_LOC_STRINGS = YES;
				SWIFT_VERSION = 5.0;
			};
			name = Debug;
		};
		F3BBBB162E7BFDB8002501DE /* Release */ = {
			isa = XCBuildConfiguration;
			buildSettings = {
				ASSETCATALOG_COMPILER_APPICON_NAME = AppIcon;
				ASSETCATALOG_COMPILER_GLOBAL_ACCENT_COLOR_NAME = AccentColor;
				CODE_SIGN_ENTITLEMENTS = ScheduleV2/ScheduleV2.entitlements;
				CODE_SIGN_STYLE = Automatic;
				COMBINE_HIDPI_IMAGES = YES;
				CURRENT_PROJECT_VERSION = 1;
				DEVELOPMENT_ASSET_PATHS = "\"ScheduleV2/Preview Content\"";
				DEVELOPMENT_TEAM = 8NQM3NZLB8;
				ENABLE_PREVIEWS = YES;
				GENERATE_INFOPLIST_FILE = YES;
				INFOPLIST_KEY_NSCalendarsUsageDescription = "此应用需要访问您的日历，以便将您的日程信息导入其中。";
				INFOPLIST_KEY_NSHumanReadableCopyright = "";
				LD_RUNPATH_SEARCH_PATHS = (
					"$(inherited)",
					"@executable_path/../Frameworks",
				);
				MARKETING_VERSION = 1.0;
				PRODUCT_BUNDLE_IDENTIFIER = com.Katrina.ScheduleV2;
				PRODUCT_NAME = "$(TARGET_NAME)";
				SWIFT_EMIT_LOC_STRINGS = YES;
				SWIFT_VERSION = 5.0;
			};
			name = Release;
		};
		F3BBBB182E7BFDB8002501DE /* Debug */ = {
			isa = XCBuildConfiguration;
			buildSettings = {
				BUNDLE_LOADER = "$(TEST_HOST)";
				CODE_SIGN_STYLE = Automatic;
				CURRENT_PROJECT_VERSION = 1;
				GENERATE_INFOPLIST_FILE = YES;
				MACOSX_DEPLOYMENT_TARGET = 15.1;
				MARKETING_VERSION = 1.0;
				PRODUCT_BUNDLE_IDENTIFIER = com.Katrina.ScheduleV2Tests;
				PRODUCT_NAME = "$(TARGET_NAME)";
				SWIFT_EMIT_LOC_STRINGS = NO;
				SWIFT_VERSION = 5.0;
				TEST_HOST = "$(BUILT_PRODUCTS_DIR)/ScheduleV2.app/$(BUNDLE_EXECUTABLE_FOLDER_PATH)/ScheduleV2";
			};
			name = Debug;
		};
		F3BBBB192E7BFDB8002501DE /* Release */ = {
			isa = XCBuildConfiguration;
			buildSettings = {
				BUNDLE_LOADER = "$(TEST_HOST)";
				CODE_SIGN_STYLE = Automatic;
				CURRENT_PROJECT_VERSION = 1;
				GENERATE_INFOPLIST_FILE = YES;
				MACOSX_DEPLOYMENT_TARGET = 15.1;
				MARKETING_VERSION = 1.0;
				PRODUCT_BUNDLE_IDENTIFIER = com.Katrina.ScheduleV2Tests;
				PRODUCT_NAME = "$(TARGET_NAME)";
				SWIFT_EMIT_LOC_STRINGS = NO;
				SWIFT_VERSION = 5.0;
				TEST_HOST = "$(BUILT_PRODUCTS_DIR)/ScheduleV2.app/$(BUNDLE_EXECUTABLE_FOLDER_PATH)/ScheduleV2";
			};
			name = Release;
		};
		F3BBBB1B2E7BFDB8002501DE /* Debug */ = {
			isa = XCBuildConfiguration;
			buildSettings = {
				CODE_SIGN_STYLE = Automatic;
				CURRENT_PROJECT_VERSION = 1;
				GENERATE_INFOPLIST_FILE = YES;
				MARKETING_VERSION = 1.0;
				PRODUCT_BUNDLE_IDENTIFIER = com.Katrina.ScheduleV2UITests;
				PRODUCT_NAME = "$(TARGET_NAME)";
				SWIFT_EMIT_LOC_STRINGS = NO;
				SWIFT_VERSION = 5.0;
				TEST_TARGET_NAME = ScheduleV2;
			};
			name = Debug;
		};
		F3BBBB1C2E7BFDB8002501DE /* Release */ = {
			isa = XCBuildConfiguration;
			buildSettings = {
				CODE_SIGN_STYLE = Automatic;
				CURRENT_PROJECT_VERSION = 1;
				GENERATE_INFOPLIST_FILE = YES;
				MARKETING_VERSION = 1.0;
				PRODUCT_BUNDLE_IDENTIFIER = com.Katrina.ScheduleV2UITests;
				PRODUCT_NAME = "$(TARGET_NAME)";
				SWIFT_EMIT_LOC_STRINGS = NO;
				SWIFT_VERSION = 5.0;
				TEST_TARGET_NAME = ScheduleV2;
			};
			name = Release;
		};
/* End XCBuildConfiguration section */

/* Begin XCConfigurationList section */
		F3BBBAEA2E7BFDB7002501DE /* Build configuration list for PBXProject "ScheduleV2" */ = {
			isa = XCConfigurationList;
			buildConfigurations = (
				F3BBBB122E7BFDB8002501DE /* Debug */,
				F3BBBB132E7BFDB8002501DE /* Release */,
			);
			defaultConfigurationIsVisible = 0;
			defaultConfigurationName = Release;
		};
		F3BBBB142E7BFDB8002501DE /* Build configuration list for PBXNativeTarget "ScheduleV2" */ = {
			isa = XCConfigurationList;
			buildConfigurations = (
				F3BBBB152E7BFDB8002501DE /* Debug */,
				F3BBBB162E7BFDB8002501DE /* Release */,
			);
			defaultConfigurationIsVisible = 0;
			defaultConfigurationName = Release;
		};
		F3BBBB172E7BFDB8002501DE /* Build configuration list for PBXNativeTarget "ScheduleV2Tests" */ = {
			isa = XCConfigurationList;
			buildConfigurations = (
				F3BBBB182E7BFDB8002501DE /* Debug */,
				F3BBBB192E7BFDB8002501DE /* Release */,
			);
			defaultConfigurationIsVisible = 0;
			defaultConfigurationName = Release;
		};
		F3BBBB1A2E7BFDB8002501DE /* Build configuration list for PBXNativeTarget "ScheduleV2UITests" */ = {
			isa = XCConfigurationList;
			buildConfigurations = (
				F3BBBB1B2E7BFDB8002501DE /* Debug */,
				F3BBBB1C2E7BFDB8002501DE /* Release */,
			);
			defaultConfigurationIsVisible = 0;
			defaultConfigurationName = Release;
		};
/* End XCConfigurationList section */
	};
	rootObject = F3BBBAE72E7BFDB7002501DE /* Project object */;
}
